
Microsoft Visual Studio Solution File, Format Version 12.00
# Visual Studio Version 17
VisualStudioVersion = 17.14.36429.23 d17.14
MinimumVisualStudioVersion = 10.0.40219.1
Project("{8BC9CEB8-8B4A-11D0-8D11-00A0C91BC942}") = "classwork2.2", "classwork2.2.vcxproj", "{B944412A-2802-4430-A935-EC2A0B1C2254}"
EndProject
Global
	GlobalSection(SolutionConfigurationPlatforms) = preSolution
		Debug|x64 = Debug|x64
		Debug|x86 = Debug|x86
		Release|x64 = Release|x64
		Release|x86 = Release|x86
	EndGlobalSection
	GlobalSection(ProjectConfigurationPlatforms) = postSolution
		{B944412A-2802-4430-A935-EC2A0B1C2254}.Debug|x64.ActiveCfg = Debug|x64
		{B944412A-2802-4430-A935-EC2A0B1C2254}.Debug|x64.Build.0 = Debug|x64
		{B944412A-2802-4430-A935-EC2A0B1C2254}.Debug|x86.ActiveCfg = Debug|Win32
		{B944412A-2802-4430-A935-EC2A0B1C2254}.Debug|x86.Build.0 = Debug|Win32
		{B944412A-2802-4430-A935-EC2A0B1C2254}.Release|x64.ActiveCfg = Release|x64
		{B944412A-2802-4430-A935-EC2A0B1C2254}.Release|x64.Build.0 = Release|x64
		{B944412A-2802-4430-A935-EC2A0B1C2254}.Release|x86.ActiveCfg = Release|Win32
		{B944412A-2802-4430-A935-EC2A0B1C2254}.Release|x86.Build.0 = Release|Win32
	EndGlobalSection
	GlobalSection(SolutionProperties) = preSolution
		HideSolutionNode = FALSE
	EndGlobalSection
	GlobalSection(ExtensibilityGlobals) = postSolution
		SolutionGuid = {2E24BD63-CEE7-4F4C-864C-24C2C7BAADDD}
	EndGlobalSection
EndGlobal
