
Microsoft Visual Studio Solution File, Format Version 12.00
# Visual Studio Version 17
VisualStudioVersion = 17.14.36429.23 d17.14
MinimumVisualStudioVersion = 10.0.40219.1
Project("{8BC9CEB8-8B4A-11D0-8D11-00A0C91BC942}") = "Lab№2", "Lab№2.vcxproj", "{DF9B5E1B-8C0A-484A-9202-E6050BE832AB}"
EndProject
Global
	GlobalSection(SolutionConfigurationPlatforms) = preSolution
		Debug|x64 = Debug|x64
		Debug|x86 = Debug|x86
		Release|x64 = Release|x64
		Release|x86 = Release|x86
	EndGlobalSection
	GlobalSection(ProjectConfigurationPlatforms) = postSolution
		{DF9B5E1B-8C0A-484A-9202-E6050BE832AB}.Debug|x64.ActiveCfg = Debug|x64
		{DF9B5E1B-8C0A-484A-9202-E6050BE832AB}.Debug|x64.Build.0 = Debug|x64
		{DF9B5E1B-8C0A-484A-9202-E6050BE832AB}.Debug|x86.ActiveCfg = Debug|Win32
		{DF9B5E1B-8C0A-484A-9202-E6050BE832AB}.Debug|x86.Build.0 = Debug|Win32
		{DF9B5E1B-8C0A-484A-9202-E6050BE832AB}.Release|x64.ActiveCfg = Release|x64
		{DF9B5E1B-8C0A-484A-9202-E6050BE832AB}.Release|x64.Build.0 = Release|x64
		{DF9B5E1B-8C0A-484A-9202-E6050BE832AB}.Release|x86.ActiveCfg = Release|Win32
		{DF9B5E1B-8C0A-484A-9202-E6050BE832AB}.Release|x86.Build.0 = Release|Win32
	EndGlobalSection
	GlobalSection(SolutionProperties) = preSolution
		HideSolutionNode = FALSE
	EndGlobalSection
	GlobalSection(ExtensibilityGlobals) = postSolution
		SolutionGuid = {4569DA59-F803-47CE-8413-B75D804A2A85}
	EndGlobalSection
EndGlobal
